<?xml version="1.0" encoding="utf-8"?>
<Project ToolsVersion="4.0" xmlns="http://schemas.microsoft.com/developer/msbuild/2003">
  <ItemGroup>
    <Filter Include="Source Files">
      <UniqueIdentifier>{4FC737F1-C7A5-4376-A066-2A32D752A2FF}</UniqueIdentifier>
      <Extensions>cpp;c;cc;cxx;c++;cppm;ixx;def;odl;idl;hpj;bat;asm;asmx</Extensions>
    </Filter>
    <Filter Include="Header Files">
      <UniqueIdentifier>{93995380-89BD-4b04-88EB-625FBE52EBFB}</UniqueIdentifier>
      <Extensions>h;hh;hpp;hxx;h++;hm;inl;inc;ipp;xsd</Extensions>
    </Filter>
    <Filter Include="Resource Files">
      <UniqueIdentifier>{67DA6AB6-F800-4c08-8B7A-83BB121AAD01}</UniqueIdentifier>
      <Extensions>rc;ico;cur;bmp;dlg;rc2;rct;bin;rgs;gif;jpg;jpeg;jpe;resx;tiff;tif;png;wav;mfcribbon-ms</Extensions>
    </Filter>
    <Filter Include="Source Files\Behaviours">
      <UniqueIdentifier>{54bc3cf9-4526-4c2f-9819-a130d71aed0a}</UniqueIdentifier>
    </Filter>
    <Filter Include="Header Files\Behaviours">
      <UniqueIdentifier>{39ce3a22-c1cb-47f1-89f4-3a0ccc3d7c17}</UniqueIdentifier>
    </Filter>
    <Filter Include="Header Files\Enums">
      <UniqueIdentifier>{09582268-8d6e-4d96-8d0e-95dcb9d14e42}</UniqueIdentifier>
    </Filter>
    <Filter Include="Source Files\Enums">
      <UniqueIdentifier>{9bdf85d1-e5ff-4e5f-82ce-0988a78d897c}</UniqueIdentifier>
    </Filter>
    <Filter Include="Source Files\GameStates">
      <UniqueIdentifier>{577b6567-7f75-4fa5-be41-4e277ed92f1f}</UniqueIdentifier>
    </Filter>
    <Filter Include="Header Files\GameStates">
      <UniqueIdentifier>{57ce6672-5430-4816-a4f7-d57213d3ca1e}</UniqueIdentifier>
    </Filter>
  </ItemGroup>
  <ItemGroup>
    <ClCompile Include="main.cpp">
      <Filter>Source Files</Filter>
    </ClCompile>
    <ClCompile Include="source\Game.cpp">
      <Filter>Source Files</Filter>
    </ClCompile>
    <ClCompile Include="source\Player.cpp">
      <Filter>Source Files</Filter>
    </ClCompile>
    <ClCompile Include="source\AnimatedSprite.cpp">
      <Filter>Source Files</Filter>
    </ClCompile>
    <ClCompile Include="source\Map.cpp">
      <Filter>Source Files</Filter>
    </ClCompile>
    <ClCompile Include="source\Menu.cpp">
      <Filter>Source Files</Filter>
    </ClCompile>
    <ClCompile Include="source\Ladderboard.cpp">
      <Filter>Source Files</Filter>
    </ClCompile>
    <ClCompile Include="source\Hud.cpp">
      <Filter>Source Files</Filter>
    </ClCompile>
    <ClCompile Include="source\Ghost.cpp">
      <Filter>Source Files</Filter>
    </ClCompile>
    <ClCompile Include="source\Button.cpp">
      <Filter>Source Files</Filter>
    </ClCompile>
    <ClCompile Include="source\GameOver.cpp">
      <Filter>Source Files</Filter>
    </ClCompile>
    <ClCompile Include="source\GhostManager.cpp">
      <Filter>Source Files</Filter>
    </ClCompile>
    <ClCompile Include="source\Resources.cpp">
      <Filter>Source Files</Filter>
    </ClCompile>
    <ClCompile Include="source\RedEscapeBehaviour.cpp">
      <Filter>Source Files\Behaviours</Filter>
    </ClCompile>
    <ClCompile Include="source\PinkChaseBehaviour.cpp">
      <Filter>Source Files\Behaviours</Filter>
    </ClCompile>
    <ClCompile Include="source\RedChaseBehaviour.cpp">
      <Filter>Source Files\Behaviours</Filter>
    </ClCompile>
    <ClCompile Include="source\Behaviour.cpp">
      <Filter>Source Files\Behaviours</Filter>
    </ClCompile>
    <ClCompile Include="source\WallType.cpp">
      <Filter>Source Files\Enums</Filter>
    </ClCompile>
    <ClCompile Include="source\TileType.cpp">
      <Filter>Source Files\Enums</Filter>
    </ClCompile>
    <ClCompile Include="source\Direction.cpp">
      <Filter>Source Files\Enums</Filter>
    </ClCompile>
    <ClCompile Include="source\LeaveSpawnBehaviour.cpp">
      <Filter>Source Files\Behaviours</Filter>
    </ClCompile>
    <ClCompile Include="source\GameState.cpp">
      <Filter>Source Files\GameStates</Filter>
    </ClCompile>
    <ClCompile Include="source\GameStateMenu.cpp">
      <Filter>Source Files\GameStates</Filter>
    </ClCompile>
    <ClCompile Include="source\GameStateLost.cpp">
      <Filter>Source Files\GameStates</Filter>
    </ClCompile>
    <ClCompile Include="source\GameStatePlaying.cpp">
      <Filter>Source Files\GameStates</Filter>
    </ClCompile>
    <ClCompile Include="source\GameStateType.cpp">
      <Filter>Source Files\Enums</Filter>
    </ClCompile>
    <ClCompile Include="source\GameStateLadderboard.cpp">
      <Filter>Source Files\GameStates</Filter>
    </ClCompile>
    <ClCompile Include="source\OrangeEscapeBehaviour.cpp">
      <Filter>Source Files\Behaviours</Filter>
    </ClCompile>
    <ClCompile Include="source\PinkEscapeBehaviour.cpp">
      <Filter>Source Files\Behaviours</Filter>
    </ClCompile>
    <ClCompile Include="source\BlueEscapeBehaviour.cpp">
      <Filter>Source Files\Behaviours</Filter>
    </ClCompile>
    <ClCompile Include="source\GhostType.cpp">
      <Filter>Source Files\Enums</Filter>
    </ClCompile>
    <ClCompile Include="source\OrangeChaseBehaviour.cpp">
      <Filter>Source Files\Behaviours</Filter>
    </ClCompile>
    <ClCompile Include="source\BlueChaseBehaviour.cpp">
      <Filter>Source Files\Behaviours</Filter>
    </ClCompile>
    <ClCompile Include="source\GameStateLoading.cpp">
      <Filter>Source Files\GameStates</Filter>
    </ClCompile>
    <ClCompile Include="source\StayAtSpawnBehaviour.cpp">
      <Filter>Source Files\Behaviours</Filter>
    </ClCompile>
  </ItemGroup>
  <ItemGroup>
    <ClInclude Include="header\Game.h">
      <Filter>Header Files</Filter>
    </ClInclude>
    <ClInclude Include="header\Player.h">
      <Filter>Header Files</Filter>
    </ClInclude>
    <ClInclude Include="header\AnimatedSprite.h">
      <Filter>Header Files</Filter>
    </ClInclude>
    <ClInclude Include="header\Map.h">
      <Filter>Header Files</Filter>
    </ClInclude>
    <ClInclude Include="header\Menu.h">
      <Filter>Header Files</Filter>
    </ClInclude>
    <ClInclude Include="header\Ladderboard.h">
      <Filter>Header Files</Filter>
    </ClInclude>
    <ClInclude Include="header\Hud.h">
      <Filter>Header Files</Filter>
    </ClInclude>
    <ClInclude Include="header\Ghost.h">
      <Filter>Header Files</Filter>
    </ClInclude>
    <ClInclude Include="header\Button.h">
      <Filter>Header Files</Filter>
    </ClInclude>
    <ClInclude Include="header\GameOver.h">
      <Filter>Header Files</Filter>
    </ClInclude>
    <ClInclude Include="header\GhostManager.h">
      <Filter>Header Files</Filter>
    </ClInclude>
    <ClInclude Include="header\PinkChaseBehaviour.h">
      <Filter>Header Files\Behaviours</Filter>
    </ClInclude>
    <ClInclude Include="header\RedChaseBehaviour.h">
      <Filter>Header Files\Behaviours</Filter>
    </ClInclude>
    <ClInclude Include="header\RedEscapeBehaviour.h">
      <Filter>Header Files\Behaviours</Filter>
    </ClInclude>
    <ClInclude Include="header\Behaviour.h">
      <Filter>Header Files\Behaviours</Filter>
    </ClInclude>
    <ClInclude Include="header\WallType.h">
      <Filter>Header Files\Enums</Filter>
    </ClInclude>
    <ClInclude Include="header\TileType.h">
      <Filter>Header Files\Enums</Filter>
    </ClInclude>
    <ClInclude Include="header\Direction.h">
      <Filter>Header Files\Enums</Filter>
    </ClInclude>
    <ClInclude Include="header\LeaveSpawnBehaviour.h">
      <Filter>Header Files\Behaviours</Filter>
    </ClInclude>
    <ClInclude Include="header\GameState.h">
      <Filter>Header Files\GameStates</Filter>
    </ClInclude>
    <ClInclude Include="header\GameStateMenu.h">
      <Filter>Header Files\GameStates</Filter>
    </ClInclude>
    <ClInclude Include="header\GameStateLadderboard.h">
      <Filter>Header Files\GameStates</Filter>
    </ClInclude>
    <ClInclude Include="header\GameStateLost.h">
      <Filter>Header Files\GameStates</Filter>
    </ClInclude>
    <ClInclude Include="header\GameStatePlaying.h">
      <Filter>Header Files\GameStates</Filter>
    </ClInclude>
    <ClInclude Include="header\GameStateType.h">
      <Filter>Header Files\Enums</Filter>
    </ClInclude>
    <ClInclude Include="header\OrangeEscapeBehaviour.h">
      <Filter>Header Files\Behaviours</Filter>
    </ClInclude>
    <ClInclude Include="header\BlueEscapeBehaviour.h">
      <Filter>Header Files\Behaviours</Filter>
    </ClInclude>
    <ClInclude Include="header\PinkEscapeBehaviour.h">
      <Filter>Header Files\Behaviours</Filter>
    </ClInclude>
    <ClInclude Include="header\GhostType.h">
      <Filter>Header Files\Enums</Filter>
    </ClInclude>
    <ClInclude Include="header\OrangeChaseBehaviour.h">
      <Filter>Header Files\Behaviours</Filter>
    </ClInclude>
    <ClInclude Include="header\BlueChaseBehaviour.h">
      <Filter>Header Files\Behaviours</Filter>
    </ClInclude>
    <ClInclude Include="header\GameStateLoading.h">
      <Filter>Header Files\GameStates</Filter>
    </ClInclude>
    <ClInclude Include="header\StayAtSpawnBehaviour.h">
      <Filter>Header Files\Behaviours</Filter>
    </ClInclude>
    <ClInclude Include="header\Resources.h">
      <Filter>Header Files</Filter>
    </ClInclude>
  </ItemGroup>
</Project>